
Microsoft Visual Studio Solution File, Format Version 12.00
# Visual Studio Version 17
VisualStudioVersion = 17.6.33723.286
MinimumVisualStudioVersion = 10.0.40219.1
Project("{FAE04EC0-301F-11D3-BF4B-00C04F79EFBC}") = "Perpustakaan", "Perpustakaan\Perpustakaan.csproj", "{A412592E-F84A-477D-9545-B845B34B93C3}"
EndProject
Global
	GlobalSection(SolutionConfigurationPlatforms) = preSolution
		Debug|Any CPU = Debug|Any CPU
		Release|Any CPU = Release|Any CPU
	EndGlobalSection
	GlobalSection(ProjectConfigurationPlatforms) = postSolution
		{A412592E-F84A-477D-9545-B845B34B93C3}.Debug|Any CPU.ActiveCfg = Debug|Any CPU
		{A412592E-F84A-477D-9545-B845B34B93C3}.Debug|Any CPU.Build.0 = Debug|Any CPU
		{A412592E-F84A-477D-9545-B845B34B93C3}.Release|Any CPU.ActiveCfg = Release|Any CPU
		{A412592E-F84A-477D-9545-B845B34B93C3}.Release|Any CPU.Build.0 = Release|Any CPU
	EndGlobalSection
	GlobalSection(SolutionProperties) = preSolution
		HideSolutionNode = FALSE
	EndGlobalSection
	GlobalSection(ExtensibilityGlobals) = postSolution
		SolutionGuid = {7539012E-6F23-4532-B5B9-251AD1D512AC}
	EndGlobalSection
EndGlobal
